// !$*UTF8*$!
{
	archiveVersion = 1;
	classes = {
	};
	objectVersion = 46;
	objects = {

/* Begin PBXBuildFile section */
		5C69299D1FDD74D000850CD3 /* LogOut.swift in Sources */ = {isa = PBXBuildFile; fileRef = 5C69299C1FDD74D000850CD3 /* LogOut.swift */; };
		5C9A7A541F8A9167000FD5B3 /* AppDelegate.swift in Sources */ = {isa = PBXBuildFile; fileRef = 5C9A7A531F8A9167000FD5B3 /* AppDelegate.swift */; };
		5C9A7A561F8A9167000FD5B3 /* LoginViewController.swift in Sources */ = {isa = PBXBuildFile; fileRef = 5C9A7A551F8A9167000FD5B3 /* LoginViewController.swift */; };
		5C9A7A591F8A9167000FD5B3 /* Main.storyboard in Resources */ = {isa = PBXBuildFile; fileRef = 5C9A7A571F8A9167000FD5B3 /* Main.storyboard */; };
		5C9A7A5B1F8A9167000FD5B3 /* Assets.xcassets in Resources */ = {isa = PBXBuildFile; fileRef = 5C9A7A5A1F8A9167000FD5B3 /* Assets.xcassets */; };
		5C9A7A5E1F8A9167000FD5B3 /* LaunchScreen.storyboard in Resources */ = {isa = PBXBuildFile; fileRef = 5C9A7A5C1F8A9167000FD5B3 /* LaunchScreen.storyboard */; };
		5CAED0981F8A9E260075A63A /* TextDelegate.swift in Sources */ = {isa = PBXBuildFile; fileRef = 5CAED0971F8A9E260075A63A /* TextDelegate.swift */; };
		5CAED09A1F8C0B300075A63A /* GCDBlackBox.swift in Sources */ = {isa = PBXBuildFile; fileRef = 5CAED0991F8C0B300075A63A /* GCDBlackBox.swift */; };
		5CAED09E1F8D654C0075A63A /* TableViewController.swift in Sources */ = {isa = PBXBuildFile; fileRef = 5CAED09D1F8D654C0075A63A /* TableViewController.swift */; };
		5CAED0A21F9AB8C70075A63A /* MapViewController.swift in Sources */ = {isa = PBXBuildFile; fileRef = 5CAED0A11F9AB8C70075A63A /* MapViewController.swift */; };
		5CAED0A41F9ABEE90075A63A /* StudentInformation.swift in Sources */ = {isa = PBXBuildFile; fileRef = 5CAED0A31F9ABEE90075A63A /* StudentInformation.swift */; };
		5CAED0A61FA5E7420075A63A /* InformationPostingViewController.swift in Sources */ = {isa = PBXBuildFile; fileRef = 5CAED0A51FA5E7420075A63A /* InformationPostingViewController.swift */; };
		5CAED0A81FAFAD4E0075A63A /* SIConstants.swift in Sources */ = {isa = PBXBuildFile; fileRef = 5CAED0A71FAFAD4E0075A63A /* SIConstants.swift */; };
		5CAED0AA1FAFAE310075A63A /* SIClient.swift in Sources */ = {isa = PBXBuildFile; fileRef = 5CAED0A91FAFAE310075A63A /* SIClient.swift */; };
/* End PBXBuildFile section */

/* Begin PBXFileReference section */
		5C69299C1FDD74D000850CD3 /* LogOut.swift */ = {isa = PBXFileReference; fileEncoding = 4; lastKnownFileType = sourcecode.swift; path = LogOut.swift; sourceTree = "<group>"; };
		5C9A7A501F8A9167000FD5B3 /* OnTheMap.app */ = {isa = PBXFileReference; explicitFileType = wrapper.application; includeInIndex = 0; path = OnTheMap.app; sourceTree = BUILT_PRODUCTS_DIR; };
		5C9A7A531F8A9167000FD5B3 /* AppDelegate.swift */ = {isa = PBXFileReference; lastKnownFileType = sourcecode.swift; path = AppDelegate.swift; sourceTree = "<group>"; };
		5C9A7A551F8A9167000FD5B3 /* LoginViewController.swift */ = {isa = PBXFileReference; lastKnownFileType = sourcecode.swift; path = LoginViewController.swift; sourceTree = "<group>"; };
		5C9A7A581F8A9167000FD5B3 /* Base */ = {isa = PBXFileReference; lastKnownFileType = file.storyboard; name = Base; path = Base.lproj/Main.storyboard; sourceTree = "<group>"; };
		5C9A7A5A1F8A9167000FD5B3 /* Assets.xcassets */ = {isa = PBXFileReference; lastKnownFileType = folder.assetcatalog; path = Assets.xcassets; sourceTree = "<group>"; };
		5C9A7A5D1F8A9167000FD5B3 /* Base */ = {isa = PBXFileReference; lastKnownFileType = file.storyboard; name = Base; path = Base.lproj/LaunchScreen.storyboard; sourceTree = "<group>"; };
		5C9A7A5F1F8A9167000FD5B3 /* Info.plist */ = {isa = PBXFileReference; lastKnownFileType = text.plist.xml; path = Info.plist; sourceTree = "<group>"; };
		5CAED0971F8A9E260075A63A /* TextDelegate.swift */ = {isa = PBXFileReference; fileEncoding = 4; lastKnownFileType = sourcecode.swift; path = TextDelegate.swift; sourceTree = "<group>"; };
		5CAED0991F8C0B300075A63A /* GCDBlackBox.swift */ = {isa = PBXFileReference; fileEncoding = 4; lastKnownFileType = sourcecode.swift; path = GCDBlackBox.swift; sourceTree = "<group>"; };
		5CAED09D1F8D654C0075A63A /* TableViewController.swift */ = {isa = PBXFileReference; fileEncoding = 4; lastKnownFileType = sourcecode.swift; name = TableViewController.swift; path = ../TableViewController.swift; sourceTree = "<group>"; };
		5CAED0A11F9AB8C70075A63A /* MapViewController.swift */ = {isa = PBXFileReference; fileEncoding = 4; lastKnownFileType = sourcecode.swift; path = MapViewController.swift; sourceTree = "<group>"; };
		5CAED0A31F9ABEE90075A63A /* StudentInformation.swift */ = {isa = PBXFileReference; fileEncoding = 4; lastKnownFileType = sourcecode.swift; name = StudentInformation.swift; path = Model/StudentInformation.swift; sourceTree = "<group>"; };
		5CAED0A51FA5E7420075A63A /* InformationPostingViewController.swift */ = {isa = PBXFileReference; fileEncoding = 4; lastKnownFileType = sourcecode.swift; path = InformationPostingViewController.swift; sourceTree = "<group>"; };
		5CAED0A71FAFAD4E0075A63A /* SIConstants.swift */ = {isa = PBXFileReference; fileEncoding = 4; lastKnownFileType = sourcecode.swift; path = SIConstants.swift; sourceTree = "<group>"; };
		5CAED0A91FAFAE310075A63A /* SIClient.swift */ = {isa = PBXFileReference; fileEncoding = 4; lastKnownFileType = sourcecode.swift; path = SIClient.swift; sourceTree = "<group>"; };
/* End PBXFileReference section */

/* Begin PBXFrameworksBuildPhase section */
		5C9A7A4D1F8A9167000FD5B3 /* Frameworks */ = {
			isa = PBXFrameworksBuildPhase;
			buildActionMask = 2147483647;
			files = (
			);
			runOnlyForDeploymentPostprocessing = 0;
		};
/* End PBXFrameworksBuildPhase section */

/* Begin PBXGroup section */
		5C9A7A471F8A9167000FD5B3 = {
			isa = PBXGroup;
			children = (
				5C9A7A521F8A9167000FD5B3 /* OnTheMap */,
				5C9A7A511F8A9167000FD5B3 /* Products */,
			);
			sourceTree = "<group>";
		};
		5C9A7A511F8A9167000FD5B3 /* Products */ = {
			isa = PBXGroup;
			children = (
				5C9A7A501F8A9167000FD5B3 /* OnTheMap.app */,
			);
			name = Products;
			sourceTree = "<group>";
		};
		5C9A7A521F8A9167000FD5B3 /* OnTheMap */ = {
			isa = PBXGroup;
			children = (
				5C9A7A531F8A9167000FD5B3 /* AppDelegate.swift */,
				5CAED0991F8C0B300075A63A /* GCDBlackBox.swift */,
				5C9A7A551F8A9167000FD5B3 /* LoginViewController.swift */,
				5CAED09D1F8D654C0075A63A /* TableViewController.swift */,
				5CAED0A11F9AB8C70075A63A /* MapViewController.swift */,
				5CAED0A71FAFAD4E0075A63A /* SIConstants.swift */,
				5CAED0A91FAFAE310075A63A /* SIClient.swift */,
				5CAED0971F8A9E260075A63A /* TextDelegate.swift */,
				5C9A7A571F8A9167000FD5B3 /* Main.storyboard */,
				5CAED0A51FA5E7420075A63A /* InformationPostingViewController.swift */,
				5C9A7A5A1F8A9167000FD5B3 /* Assets.xcassets */,
				5C9A7A5C1F8A9167000FD5B3 /* LaunchScreen.storyboard */,
				5C9A7A5F1F8A9167000FD5B3 /* Info.plist */,
				5CAED0A31F9ABEE90075A63A /* StudentInformation.swift */,
				5C69299C1FDD74D000850CD3 /* LogOut.swift */,
			);
			path = OnTheMap;
			sourceTree = "<group>";
		};
/* End PBXGroup section */

/* Begin PBXNativeTarget section */
		5C9A7A4F1F8A9167000FD5B3 /* OnTheMap */ = {
			isa = PBXNativeTarget;
			buildConfigurationList = 5C9A7A621F8A9167000FD5B3 /* Build configuration list for PBXNativeTarget "OnTheMap" */;
			buildPhases = (
				5C9A7A4C1F8A9167000FD5B3 /* Sources */,
				5C9A7A4D1F8A9167000FD5B3 /* Frameworks */,
				5C9A7A4E1F8A9167000FD5B3 /* Resources */,
			);
			buildRules = (
			);
			dependencies = (
			);
			name = OnTheMap;
			productName = OnTheMap;
			productReference = 5C9A7A501F8A9167000FD5B3 /* OnTheMap.app */;
			productType = "com.apple.product-type.application";
		};
/* End PBXNativeTarget section */

/* Begin PBXProject section */
		5C9A7A481F8A9167000FD5B3 /* Project object */ = {
			isa = PBXProject;
			attributes = {
				LastSwiftUpdateCheck = 0830;
				LastUpgradeCheck = 0830;
				ORGANIZATIONNAME = "Joshua Schindler";
				TargetAttributes = {
					5C9A7A4F1F8A9167000FD5B3 = {
						CreatedOnToolsVersion = 8.3.2;
						ProvisioningStyle = Automatic;
					};
				};
			};
			buildConfigurationList = 5C9A7A4B1F8A9167000FD5B3 /* Build configuration list for PBXProject "OnTheMap" */;
			compatibilityVersion = "Xcode 3.2";
			developmentRegion = English;
			hasScannedForEncodings = 0;
			knownRegions = (
				en,
				Base,
			);
			mainGroup = 5C9A7A471F8A9167000FD5B3;
			productRefGroup = 5C9A7A511F8A9167000FD5B3 /* Products */;
			projectDirPath = "";
			projectRoot = "";
			targets = (
				5C9A7A4F1F8A9167000FD5B3 /* OnTheMap */,
			);
		};
/* End PBXProject section */

/* Begin PBXResourcesBuildPhase section */
		5C9A7A4E1F8A9167000FD5B3 /* Resources */ = {
			isa = PBXResourcesBuildPhase;
			buildActionMask = 2147483647;
			files = (
				5C9A7A5E1F8A9167000FD5B3 /* LaunchScreen.storyboard in Resources */,
				5C9A7A5B1F8A9167000FD5B3 /* Assets.xcassets in Resources */,
				5C9A7A591F8A9167000FD5B3 /* Main.storyboard in Resources */,
			);
			runOnlyForDeploymentPostprocessing = 0;
		};
/* End PBXResourcesBuildPhase section */

/* Begin PBXSourcesBuildPhase section */
		5C9A7A4C1F8A9167000FD5B3 /* Sources */ = {
			isa = PBXSourcesBuildPhase;
			buildActionMask = 2147483647;
			files = (
				5CAED09A1F8C0B300075A63A /* GCDBlackBox.swift in Sources */,
				5CAED0A21F9AB8C70075A63A /* MapViewController.swift in Sources */,
				5CAED0A61FA5E7420075A63A /* InformationPostingViewController.swift in Sources */,
				5C69299D1FDD74D000850CD3 /* LogOut.swift in Sources */,
				5CAED0981F8A9E260075A63A /* TextDelegate.swift in Sources */,
				5CAED0AA1FAFAE310075A63A /* SIClient.swift in Sources */,
				5CAED0A41F9ABEE90075A63A /* StudentInformation.swift in Sources */,
				5C9A7A561F8A9167000FD5B3 /* LoginViewController.swift in Sources */,
				5CAED0A81FAFAD4E0075A63A /* SIConstants.swift in Sources */,
				5CAED09E1F8D654C0075A63A /* TableViewController.swift in Sources */,
				5C9A7A541F8A9167000FD5B3 /* AppDelegate.swift in Sources */,
			);
			runOnlyForDeploymentPostprocessing = 0;
		};
/* End PBXSourcesBuildPhase section */

/* Begin PBXVariantGroup section */
		5C9A7A571F8A9167000FD5B3 /* Main.storyboard */ = {
			isa = PBXVariantGroup;
			children = (
				5C9A7A581F8A9167000FD5B3 /* Base */,
			);
			name = Main.storyboard;
			sourceTree = "<group>";
		};
		5C9A7A5C1F8A9167000FD5B3 /* LaunchScreen.storyboard */ = {
			isa = PBXVariantGroup;
			children = (
				5C9A7A5D1F8A9167000FD5B3 /* Base */,
			);
			name = LaunchScreen.storyboard;
			sourceTree = "<group>";
		};
/* End PBXVariantGroup section */

/* Begin XCBuildConfiguration section */
		5C9A7A601F8A9167000FD5B3 /* Debug */ = {
			isa = XCBuildConfiguration;
			buildSettings = {
				ALWAYS_SEARCH_USER_PATHS = NO;
				CLANG_ANALYZER_NONNULL = YES;
				CLANG_ANALYZER_NUMBER_OBJECT_CONVERSION = YES_AGGRESSIVE;
				CLANG_CXX_LANGUAGE_STANDARD = "gnu++0x";
				CLANG_CXX_LIBRARY = "libc++";
				CLANG_ENABLE_MODULES = YES;
				CLANG_ENABLE_OBJC_ARC = YES;
				CLANG_WARN_BOOL_CONVERSION = YES;
				CLANG_WARN_CONSTANT_CONVERSION = YES;
				CLANG_WARN_DIRECT_OBJC_ISA_USAGE = YES_ERROR;
				CLANG_WARN_DOCUMENTATION_COMMENTS = YES;
				CLANG_WARN_EMPTY_BODY = YES;
				CLANG_WARN_ENUM_CONVERSION = YES;
				CLANG_WARN_INFINITE_RECURSION = YES;
				CLANG_WARN_INT_CONVERSION = YES;
				CLANG_WARN_OBJC_ROOT_CLASS = YES_ERROR;
				CLANG_WARN_SUSPICIOUS_MOVE = YES;
				CLANG_WARN_UNREACHABLE_CODE = YES;
				CLANG_WARN__DUPLICATE_METHOD_MATCH = YES;
				"CODE_SIGN_IDENTITY[sdk=iphoneos*]" = "iPhone Developer";
				COPY_PHASE_STRIP = NO;
				DEBUG_INFORMATION_FORMAT = dwarf;
				ENABLE_STRICT_OBJC_MSGSEND = YES;
				ENABLE_TESTABILITY = YES;
				GCC_C_LANGUAGE_STANDARD = gnu99;
				GCC_DYNAMIC_NO_PIC = NO;
				GCC_NO_COMMON_BLOCKS = YES;
				GCC_OPTIMIZATION_LEVEL = 0;
				GCC_PREPROCESSOR_DEFINITIONS = (
					"DEBUG=1",
					"$(inherited)",
				);
				GCC_WARN_64_TO_32_BIT_CONVERSION = YES;
				GCC_WARN_ABOUT_RETURN_TYPE = YES_ERROR;
				GCC_WARN_UNDECLARED_SELECTOR = YES;
				GCC_WARN_UNINITIALIZED_AUTOS = YES_AGGRESSIVE;
				GCC_WARN_UNUSED_FUNCTION = YES;
				GCC_WARN_UNUSED_VARIABLE = YES;
				IPHONEOS_DEPLOYMENT_TARGET = 10.3;
				MTL_ENABLE_DEBUG_INFO = YES;
				ONLY_ACTIVE_ARCH = YES;
				SDKROOT = iphoneos;
				SWIFT_ACTIVE_COMPILATION_CONDITIONS = DEBUG;
				SWIFT_OPTIMIZATION_LEVEL = "-Onone";
				TARGETED_DEVICE_FAMILY = "1,2";
			};
			name = Debug;
		};
		5C9A7A611F8A9167000FD5B3 /* Release */ = {
			isa = XCBuildConfiguration;
			buildSettings = {
				ALWAYS_SEARCH_USER_PATHS = NO;
				CLANG_ANALYZER_NONNULL = YES;
				CLANG_ANALYZER_NUMBER_OBJECT_CONVERSION = YES_AGGRESSIVE;
				CLANG_CXX_LANGUAGE_STANDARD = "gnu++0x";
				CLANG_CXX_LIBRARY = "libc++";
				CLANG_ENABLE_MODULES = YES;
				CLANG_ENABLE_OBJC_ARC = YES;
				CLANG_WARN_BOOL_CONVERSION = YES;
				CLANG_WARN_CONSTANT_CONVERSION = YES;
				CLANG_WARN_DIRECT_OBJC_ISA_USAGE = YES_ERROR;
				CLANG_WARN_DOCUMENTATION_COMMENTS = YES;
				CLANG_WARN_EMPTY_BODY = YES;
				CLANG_WARN_ENUM_CONVERSION = YES;
				CLANG_WARN_INFINITE_RECURSION = YES;
				CLANG_WARN_INT_CONVERSION = YES;
				CLANG_WARN_OBJC_ROOT_CLASS = YES_ERROR;
				CLANG_WARN_SUSPICIOUS_MOVE = YES;
				CLANG_WARN_UNREACHABLE_CODE = YES;
				CLANG_WARN__DUPLICATE_METHOD_MATCH = YES;
				"CODE_SIGN_IDENTITY[sdk=iphoneos*]" = "iPhone Developer";
				COPY_PHASE_STRIP = NO;
				DEBUG_INFORMATION_FORMAT = "dwarf-with-dsym";
				ENABLE_NS_ASSERTIONS = NO;
				ENABLE_STRICT_OBJC_MSGSEND = YES;
				GCC_C_LANGUAGE_STANDARD = gnu99;
				GCC_NO_COMMON_BLOCKS = YES;
				GCC_WARN_64_TO_32_BIT_CONVERSION = YES;
				GCC_WARN_ABOUT_RETURN_TYPE = YES_ERROR;
				GCC_WARN_UNDECLARED_SELECTOR = YES;
				GCC_WARN_UNINITIALIZED_AUTOS = YES_AGGRESSIVE;
				GCC_WARN_UNUSED_FUNCTION = YES;
				GCC_WARN_UNUSED_VARIABLE = YES;
				IPHONEOS_DEPLOYMENT_TARGET = 10.3;
				MTL_ENABLE_DEBUG_INFO = NO;
				SDKROOT = iphoneos;
				SWIFT_OPTIMIZATION_LEVEL = "-Owholemodule";
				TARGETED_DEVICE_FAMILY = "1,2";
				VALIDATE_PRODUCT = YES;
			};
			name = Release;
		};
		5C9A7A631F8A9167000FD5B3 /* Debug */ = {
			isa = XCBuildConfiguration;
			buildSettings = {
				ASSETCATALOG_COMPILER_APPICON_NAME = AppIcon;
				INFOPLIST_FILE = OnTheMap/Info.plist;
				LD_RUNPATH_SEARCH_PATHS = "$(inherited) @executable_path/Frameworks";
				PRODUCT_BUNDLE_IDENTIFIER = Josh.OnTheMap;
				PRODUCT_NAME = "$(TARGET_NAME)";
				SWIFT_VERSION = 3.0;
			};
			name = Debug;
		};
		5C9A7A641F8A9167000FD5B3 /* Release */ = {
			isa = XCBuildConfiguration;
			buildSettings = {
				ASSETCATALOG_COMPILER_APPICON_NAME = AppIcon;
				INFOPLIST_FILE = OnTheMap/Info.plist;
				LD_RUNPATH_SEARCH_PATHS = "$(inherited) @executable_path/Frameworks";
				PRODUCT_BUNDLE_IDENTIFIER = Josh.OnTheMap;
				PRODUCT_NAME = "$(TARGET_NAME)";
				SWIFT_VERSION = 3.0;
			};
			name = Release;
		};
/* End XCBuildConfiguration section */

/* Begin XCConfigurationList section */
		5C9A7A4B1F8A9167000FD5B3 /* Build configuration list for PBXProject "OnTheMap" */ = {
			isa = XCConfigurationList;
			buildConfigurations = (
				5C9A7A601F8A9167000FD5B3 /* Debug */,
				5C9A7A611F8A9167000FD5B3 /* Release */,
			);
			defaultConfigurationIsVisible = 0;
			defaultConfigurationName = Release;
		};
		5C9A7A621F8A9167000FD5B3 /* Build configuration list for PBXNativeTarget "OnTheMap" */ = {
			isa = XCConfigurationList;
			buildConfigurations = (
				5C9A7A631F8A9167000FD5B3 /* Debug */,
				5C9A7A641F8A9167000FD5B3 /* Release */,
			);
			defaultConfigurationIsVisible = 0;
			defaultConfigurationName = Release;
		};
/* End XCConfigurationList section */
	};
	rootObject = 5C9A7A481F8A9167000FD5B3 /* Project object */;
}
